<?xml version="1.0" encoding="utf-8"?>
<Project ToolsVersion="4.0" xmlns="http://schemas.microsoft.com/developer/msbuild/2003">
  <ItemGroup>
    <Filter Include="Source Files">
      <UniqueIdentifier>{4FC737F1-C7A5-4376-A066-2A32D752A2FF}</UniqueIdentifier>
      <Extensions>cpp;c;cxx;def;odl;idl;hpj;bat;asm;asmx</Extensions>
    </Filter>
    <Filter Include="Header Files">
      <UniqueIdentifier>{93995380-89BD-4b04-88EB-625FBE52EBFB}</UniqueIdentifier>
      <Extensions>h;hpp;hxx;hm;inl;inc;xsd</Extensions>
    </Filter>
    <Filter Include="Resource Files">
      <UniqueIdentifier>{67DA6AB6-F800-4c08-8B7A-83BB121AAD01}</UniqueIdentifier>
      <Extensions>rc;ico;cur;bmp;dlg;rc2;rct;bin;rgs;gif;jpg;jpeg;jpe;resx</Extensions>
    </Filter>
  </ItemGroup>
  <ItemGroup>
    <ClCompile Include="jpeg\bitimage.cpp">
      <Filter>Source Files</Filter>
    </ClCompile>
    <ClCompile Include="jpeg\bmpdecod.cpp">
      <Filter>Source Files</Filter>
    </ClCompile>
    <ClCompile Include="jpeg\bmpencod.cpp">
      <Filter>Source Files</Filter>
    </ClCompile>
    <ClCompile Include="jpeg\encoder.cpp">
      <Filter>Source Files</Filter>
    </ClCompile>
    <ClCompile Include="Hide.cpp">
      <Filter>Source Files</Filter>
    </ClCompile>
    <ClCompile Include="jpeg\jfif.cpp">
      <Filter>Source Files</Filter>
    </ClCompile>
    <ClCompile Include="jpeg\jpdecomp.cpp">
      <Filter>Source Files</Filter>
    </ClCompile>
    <ClCompile Include="jpeg\jpdedu.cpp">
      <Filter>Source Files</Filter>
    </ClCompile>
    <ClCompile Include="jpeg\jpdehuff.cpp">
      <Filter>Source Files</Filter>
    </ClCompile>
    <ClCompile Include="jpeg\jpdequan.cpp">
      <Filter>Source Files</Filter>
    </ClCompile>
    <ClCompile Include="jpeg\jpeg.cpp">
      <Filter>Source Files</Filter>
    </ClCompile>
    <ClCompile Include="jpeg\jpegdeco.cpp">
      <Filter>Source Files</Filter>
    </ClCompile>
    <ClCompile Include="jpeg\jpegenco.cpp">
      <Filter>Source Files</Filter>
    </ClCompile>
    <ClCompile Include="jpeg\jpencomp.cpp">
      <Filter>Source Files</Filter>
    </ClCompile>
    <ClCompile Include="jpeg\jpendu.cpp">
      <Filter>Source Files</Filter>
    </ClCompile>
    <ClCompile Include="jpeg\jpenhuff.cpp">
      <Filter>Source Files</Filter>
    </ClCompile>
    <ClCompile Include="jpeg\jpenquan.cpp">
      <Filter>Source Files</Filter>
    </ClCompile>
    <ClCompile Include="Main.cpp">
      <Filter>Source Files</Filter>
    </ClCompile>
  </ItemGroup>
  <ItemGroup>
    <ClInclude Include="include\bitimage.h">
      <Filter>Header Files</Filter>
    </ClInclude>
    <ClInclude Include="include\bmp.h">
      <Filter>Header Files</Filter>
    </ClInclude>
    <ClInclude Include="include\bmpdecod.h">
      <Filter>Header Files</Filter>
    </ClInclude>
    <ClInclude Include="include\bmpencod.h">
      <Filter>Header Files</Filter>
    </ClInclude>
    <ClInclude Include="include\datatype.h">
      <Filter>Header Files</Filter>
    </ClInclude>
    <ClInclude Include="include\grexcept.h">
      <Filter>Header Files</Filter>
    </ClInclude>
    <ClInclude Include="include\Hide.h">
      <Filter>Header Files</Filter>
    </ClInclude>
    <ClInclude Include="include\jfif.h">
      <Filter>Header Files</Filter>
    </ClInclude>
    <ClInclude Include="include\jpdecobk.h">
      <Filter>Header Files</Filter>
    </ClInclude>
    <ClInclude Include="include\jpdecomp.h">
      <Filter>Header Files</Filter>
    </ClInclude>
    <ClInclude Include="include\jpdedu.h">
      <Filter>Header Files</Filter>
    </ClInclude>
    <ClInclude Include="include\jpdehuff.h">
      <Filter>Header Files</Filter>
    </ClInclude>
    <ClInclude Include="include\jpdequan.h">
      <Filter>Header Files</Filter>
    </ClInclude>
    <ClInclude Include="include\jpeg.h">
      <Filter>Header Files</Filter>
    </ClInclude>
    <ClInclude Include="include\jpegdeco.h">
      <Filter>Header Files</Filter>
    </ClInclude>
    <ClInclude Include="include\jpegenco.h">
      <Filter>Header Files</Filter>
    </ClInclude>
    <ClInclude Include="include\jpencobk.h">
      <Filter>Header Files</Filter>
    </ClInclude>
    <ClInclude Include="include\jpencomp.h">
      <Filter>Header Files</Filter>
    </ClInclude>
    <ClInclude Include="include\jpendu.h">
      <Filter>Header Files</Filter>
    </ClInclude>
    <ClInclude Include="include\jpenhuff.h">
      <Filter>Header Files</Filter>
    </ClInclude>
    <ClInclude Include="include\jpenquan.h">
      <Filter>Header Files</Filter>
    </ClInclude>
    <ClInclude Include="include\jpgexcep.h">
      <Filter>Header Files</Filter>
    </ClInclude>
    <ClInclude Include="include\jpmarker.h">
      <Filter>Header Files</Filter>
    </ClInclude>
    <ClInclude Include="include\nonwindows.h">
      <Filter>Header Files</Filter>
    </ClInclude>
  </ItemGroup>
</Project>